
Microsoft Visual Studio Solution File, Format Version 12.00
# Visual Studio Version 17
VisualStudioVersion = 17.0.31912.275
MinimumVisualStudioVersion = 10.0.40219.1
Project("{9A19103F-16F7-4668-BE54-9A1E7A4F7556}") = "Engine", "Engine\Engine.csproj", "{4D474836-163F-407B-8A64-DE355D6D8BD3}"
EndProject
Project("{9A19103F-16F7-4668-BE54-9A1E7A4F7556}") = "EngineTests", "EngineTests\EngineTests.csproj", "{52F7354E-FA98-4246-A4F5-4E6223DFBD90}"
EndProject
Project("{FAE04EC0-301F-11D3-BF4B-00C04F79EFBC}") = "BlazorMongoTemplateApp", "BlazorMongoTemplateApp\BlazorMongoTemplateApp.csproj", "{1674902A-4B8D-4DB6-BF03-D24139EF3813}"
	ProjectSection(ProjectDependencies) = postProject
		{4D474836-163F-407B-8A64-DE355D6D8BD3} = {4D474836-163F-407B-8A64-DE355D6D8BD3}
	EndProjectSection
EndProject
Global
	GlobalSection(SolutionConfigurationPlatforms) = preSolution
		Debug|Any CPU = Debug|Any CPU
		Release|Any CPU = Release|Any CPU
	EndGlobalSection
	GlobalSection(ProjectConfigurationPlatforms) = postSolution
		{4D474836-163F-407B-8A64-DE355D6D8BD3}.Debug|Any CPU.ActiveCfg = Debug|Any CPU
		{4D474836-163F-407B-8A64-DE355D6D8BD3}.Debug|Any CPU.Build.0 = Debug|Any CPU
		{4D474836-163F-407B-8A64-DE355D6D8BD3}.Release|Any CPU.ActiveCfg = Release|Any CPU
		{4D474836-163F-407B-8A64-DE355D6D8BD3}.Release|Any CPU.Build.0 = Release|Any CPU
		{52F7354E-FA98-4246-A4F5-4E6223DFBD90}.Debug|Any CPU.ActiveCfg = Debug|Any CPU
		{52F7354E-FA98-4246-A4F5-4E6223DFBD90}.Debug|Any CPU.Build.0 = Debug|Any CPU
		{52F7354E-FA98-4246-A4F5-4E6223DFBD90}.Release|Any CPU.ActiveCfg = Release|Any CPU
		{52F7354E-FA98-4246-A4F5-4E6223DFBD90}.Release|Any CPU.Build.0 = Release|Any CPU
		{1674902A-4B8D-4DB6-BF03-D24139EF3813}.Debug|Any CPU.ActiveCfg = Debug|Any CPU
		{1674902A-4B8D-4DB6-BF03-D24139EF3813}.Debug|Any CPU.Build.0 = Debug|Any CPU
		{1674902A-4B8D-4DB6-BF03-D24139EF3813}.Release|Any CPU.ActiveCfg = Release|Any CPU
		{1674902A-4B8D-4DB6-BF03-D24139EF3813}.Release|Any CPU.Build.0 = Release|Any CPU
	EndGlobalSection
	GlobalSection(SolutionProperties) = preSolution
		HideSolutionNode = FALSE
	EndGlobalSection
	GlobalSection(ExtensibilityGlobals) = postSolution
		SolutionGuid = {C35E6E98-5B98-4EF0-9D0E-32ECF20D8F5D}
	EndGlobalSection
EndGlobal
